
Microsoft Visual Studio Solution File, Format Version 12.00
# Visual Studio Version 17
VisualStudioVersion = 17.11.35219.272
MinimumVisualStudioVersion = 10.0.40219.1
Project("{FAE04EC0-301F-11D3-BF4B-00C04F79EFBC}") = "Practico1", "Practico1\Practico1.csproj", "{0708711A-6FB7-4B12-8C87-C20286154A02}"
EndProject
Global
	GlobalSection(SolutionConfigurationPlatforms) = preSolution
		Debug|Any CPU = Debug|Any CPU
		Release|Any CPU = Release|Any CPU
	EndGlobalSection
	GlobalSection(ProjectConfigurationPlatforms) = postSolution
		{0708711A-6FB7-4B12-8C87-C20286154A02}.Debug|Any CPU.ActiveCfg = Debug|Any CPU
		{0708711A-6FB7-4B12-8C87-C20286154A02}.Debug|Any CPU.Build.0 = Debug|Any CPU
		{0708711A-6FB7-4B12-8C87-C20286154A02}.Release|Any CPU.ActiveCfg = Release|Any CPU
		{0708711A-6FB7-4B12-8C87-C20286154A02}.Release|Any CPU.Build.0 = Release|Any CPU
	EndGlobalSection
	GlobalSection(SolutionProperties) = preSolution
		HideSolutionNode = FALSE
	EndGlobalSection
	GlobalSection(ExtensibilityGlobals) = postSolution
		SolutionGuid = {5EE8D067-5968-49D7-888F-A144FADAE4D5}
	EndGlobalSection
EndGlobal
